PODS:
  - Flutter (1.0.0)
  - Google-Mobile-Ads-SDK (11.2.0):
    - GoogleUserMessagingPlatform (>= 1.1)
  - google_mobile_ads (5.1.0):
    - Flutter
    - Google-Mobile-Ads-SDK (~> 11.2.0)
    - webview_flutter_wkwebview
  - GoogleUserMessagingPlatform (2.6.0)
  - image_picker_ios (0.0.1):
    - Flutter
  - open_file_ios (0.0.1):
    - Flutter
  - path_provider_foundation (0.0.1):
    - Flutter
    - FlutterMacOS
  - webview_flutter_wkwebview (0.0.1):
    - Flutter
    - FlutterMacOS

DEPENDENCIES:
  - Flutter (from `Flutter`)
  - google_mobile_ads (from `.symlinks/plugins/google_mobile_ads/ios`)
  - image_picker_ios (from `.symlinks/plugins/image_picker_ios/ios`)
  - open_file_ios (from `.symlinks/plugins/open_file_ios/ios`)
  - path_provider_foundation (from `.symlinks/plugins/path_provider_foundation/darwin`)
  - webview_flutter_wkwebview (from `.symlinks/plugins/webview_flutter_wkwebview/darwin`)

SPEC REPOS:
  trunk:
    - Google-Mobile-Ads-SDK
    - GoogleUserMessagingPlatform

EXTERNAL SOURCES:
  Flutter:
    :path: Flutter
  google_mobile_ads:
    :path: ".symlinks/plugins/google_mobile_ads/ios"
  image_picker_ios:
    :path: ".symlinks/plugins/image_picker_ios/ios"
  open_file_ios:
    :path: ".symlinks/plugins/open_file_ios/ios"
  path_provider_foundation:
    :path: ".symlinks/plugins/path_provider_foundation/darwin"
  webview_flutter_wkwebview:
    :path: ".symlinks/plugins/webview_flutter_wkwebview/darwin"

SPEC CHECKSUMS:
  Flutter: e0871f40cf51350855a761d2e70bf5af5b9b5de7
  Google-Mobile-Ads-SDK: 5a6d005a6cb5b5e8f4c7b69ca05cdea79c181139
  google_mobile_ads: 9379c80fdfa9988fb0e105a407890ff8deb3cf86
  GoogleUserMessagingPlatform: 0c3a08353e53ce8c2feab7addd0b652cde522450
  image_picker_ios: c560581cceedb403a6ff17f2f816d7fea1421fc1
  open_file_ios: 461db5853723763573e140de3193656f91990d9e
  path_provider_foundation: 2b6b4c569c0fb62ec74538f866245ac84301af46
  webview_flutter_wkwebview: 0982481e3d9c78fd5c6f62a002fcd24fc791f1e4

PODFILE CHECKSUM: 7be2f5f74864d463a8ad433546ed1de7e0f29aef

COCOAPODS: 1.15.2
